
Microsoft Visual Studio Solution File, Format Version 12.00
# Visual Studio Version 17
VisualStudioVersion = 17.0.31912.275
MinimumVisualStudioVersion = 10.0.40219.1
Project("{FAE04EC0-301F-11D3-BF4B-00C04F79EFBC}") = "FitnessClub", "FitnessClub\FitnessClub.csproj", "{814BA28D-54FA-4F96-B87F-42A03B10A73F}"
EndProject
Global
	GlobalSection(SolutionConfigurationPlatforms) = preSolution
		Debug|Any CPU = Debug|Any CPU
		Release|Any CPU = Release|Any CPU
	EndGlobalSection
	GlobalSection(ProjectConfigurationPlatforms) = postSolution
		{814BA28D-54FA-4F96-B87F-42A03B10A73F}.Debug|Any CPU.ActiveCfg = Debug|Any CPU
		{814BA28D-54FA-4F96-B87F-42A03B10A73F}.Debug|Any CPU.Build.0 = Debug|Any CPU
		{814BA28D-54FA-4F96-B87F-42A03B10A73F}.Release|Any CPU.ActiveCfg = Release|Any CPU
		{814BA28D-54FA-4F96-B87F-42A03B10A73F}.Release|Any CPU.Build.0 = Release|Any CPU
	EndGlobalSection
	GlobalSection(SolutionProperties) = preSolution
		HideSolutionNode = FALSE
	EndGlobalSection
	GlobalSection(ExtensibilityGlobals) = postSolution
		SolutionGuid = {A01ED82B-E208-4E77-8239-AD83A7AF3317}
	EndGlobalSection
EndGlobal
